
Microsoft Visual Studio Solution File, Format Version 12.00
# Visual Studio Version 17
VisualStudioVersion = 17.8.34525.116
MinimumVisualStudioVersion = 10.0.40219.1
Project("{FAE04EC0-301F-11D3-BF4B-00C04F79EFBC}") = "ifTask", "ifTask.csproj", "{BCB20B63-63AC-4603-9799-7ECF09D6A49C}"
EndProject
Global
	GlobalSection(SolutionConfigurationPlatforms) = preSolution
		Debug|Any CPU = Debug|Any CPU
		Release|Any CPU = Release|Any CPU
	EndGlobalSection
	GlobalSection(ProjectConfigurationPlatforms) = postSolution
		{BCB20B63-63AC-4603-9799-7ECF09D6A49C}.Debug|Any CPU.ActiveCfg = Debug|Any CPU
		{BCB20B63-63AC-4603-9799-7ECF09D6A49C}.Debug|Any CPU.Build.0 = Debug|Any CPU
		{BCB20B63-63AC-4603-9799-7ECF09D6A49C}.Release|Any CPU.ActiveCfg = Release|Any CPU
		{BCB20B63-63AC-4603-9799-7ECF09D6A49C}.Release|Any CPU.Build.0 = Release|Any CPU
	EndGlobalSection
	GlobalSection(SolutionProperties) = preSolution
		HideSolutionNode = FALSE
	EndGlobalSection
	GlobalSection(ExtensibilityGlobals) = postSolution
		SolutionGuid = {9C015256-FA78-4C0D-BECB-312551F8020E}
	EndGlobalSection
EndGlobal
